
Microsoft Visual Studio Solution File, Format Version 12.00
# Visual Studio Version 16
VisualStudioVersion = 16.0.30804.86
MinimumVisualStudioVersion = 10.0.40219.1
Project("{9A19103F-16F7-4668-BE54-9A1E7A4F7556}") = "MultidimentionalArrays", "MultidimentionalArrays\MultidimentionalArrays.csproj", "{87534A70-BE40-4E31-A184-2530C57BD10D}"
EndProject
Project("{9A19103F-16F7-4668-BE54-9A1E7A4F7556}") = "02.MatrixCollSum", "02.MatrixCollSum\02.MatrixCollSum.csproj", "{578EBF75-5724-4E52-AD1C-1DF85ED5B701}"
EndProject
Project("{9A19103F-16F7-4668-BE54-9A1E7A4F7556}") = "03.PrimaryDiagonal", "03.PrimaryDiagonal\03.PrimaryDiagonal.csproj", "{B625949E-1AB0-4998-ABC1-DB809A9672FF}"
EndProject
Project("{9A19103F-16F7-4668-BE54-9A1E7A4F7556}") = "04.SymbolInMatrix", "04.SymbolInMatrix\04.SymbolInMatrix.csproj", "{A4F3BF9D-5504-4997-8F60-2D6BD21CFA25}"
EndProject
Project("{9A19103F-16F7-4668-BE54-9A1E7A4F7556}") = "05.SquarewithMaximumSum", "05.SquarewithMaximumSum\05.SquarewithMaximumSum.csproj", "{B5BAB4D2-DE15-402E-867F-C1C574FC63DA}"
EndProject
Project("{9A19103F-16F7-4668-BE54-9A1E7A4F7556}") = "06.JaggedArrayModification", "06.JaggedArrayModification\06.JaggedArrayModification.csproj", "{27630D6A-864F-43A9-812F-D089D065A86A}"
EndProject
Project("{9A19103F-16F7-4668-BE54-9A1E7A4F7556}") = "07.PascalTriangle", "07.PascalTriangle\07.PascalTriangle.csproj", "{24E63D5D-529C-4B37-9D5A-C3A9440961F5}"
EndProject
Project("{9A19103F-16F7-4668-BE54-9A1E7A4F7556}") = "01.DiagonalDifference", "01.DiagonalDifference\01.DiagonalDifference.csproj", "{060AADDF-A611-496D-9CB5-6C8A889F8F84}"
EndProject
Project("{9A19103F-16F7-4668-BE54-9A1E7A4F7556}") = "02.2x2SuqtaesinMatrix", "02.2x2SuqtaesinMatrix\02.2x2SuqtaesinMatrix.csproj", "{28E5F399-FC11-44D0-9AD1-F60694FE7757}"
EndProject
Project("{9A19103F-16F7-4668-BE54-9A1E7A4F7556}") = "03.MaximalSum", "03.MaximalSum\03.MaximalSum.csproj", "{71A11F42-150B-4742-8468-E7467ACB7542}"
EndProject
Project("{9A19103F-16F7-4668-BE54-9A1E7A4F7556}") = "04.MatrixShuffling", "04.MatrixShuffling\04.MatrixShuffling.csproj", "{050846F2-3150-49B1-BB45-9A64FACE595A}"
EndProject
Project("{9A19103F-16F7-4668-BE54-9A1E7A4F7556}") = "05.SnakeMoves", "05.SnakeMoves\05.SnakeMoves.csproj", "{E36FAEC7-0C62-41FF-AD62-3A203F303889}"
EndProject
Project("{9A19103F-16F7-4668-BE54-9A1E7A4F7556}") = "06.JaggedArrayManipulator", "06.JaggedArrayManipulator\06.JaggedArrayManipulator.csproj", "{7FFD5CC8-AC5F-4C81-99B2-5343427DAC59}"
EndProject
Project("{9A19103F-16F7-4668-BE54-9A1E7A4F7556}") = "07.KnightGame", "07.KnightGame\07.KnightGame.csproj", "{17D9C718-C09C-4A6B-BBCF-77B051600DBC}"
EndProject
Project("{9A19103F-16F7-4668-BE54-9A1E7A4F7556}") = "10. RadioactiveMutantVampireBunnies", "10. RadioactiveMutantVampireBunnies\10. RadioactiveMutantVampireBunnies.csproj", "{EF1FD837-9B90-4C44-A049-5DD1343E39AD}"
EndProject
Project("{FAE04EC0-301F-11D3-BF4B-00C04F79EFBC}") = "08.Bombs", "08.Bombs\08.Bombs.csproj", "{2DCBA116-D128-4725-870E-BB268B2358E7}"
EndProject
Global
	GlobalSection(SolutionConfigurationPlatforms) = preSolution
		Debug|Any CPU = Debug|Any CPU
		Release|Any CPU = Release|Any CPU
	EndGlobalSection
	GlobalSection(ProjectConfigurationPlatforms) = postSolution
		{87534A70-BE40-4E31-A184-2530C57BD10D}.Debug|Any CPU.ActiveCfg = Debug|Any CPU
		{87534A70-BE40-4E31-A184-2530C57BD10D}.Debug|Any CPU.Build.0 = Debug|Any CPU
		{87534A70-BE40-4E31-A184-2530C57BD10D}.Release|Any CPU.ActiveCfg = Release|Any CPU
		{87534A70-BE40-4E31-A184-2530C57BD10D}.Release|Any CPU.Build.0 = Release|Any CPU
		{578EBF75-5724-4E52-AD1C-1DF85ED5B701}.Debug|Any CPU.ActiveCfg = Debug|Any CPU
		{578EBF75-5724-4E52-AD1C-1DF85ED5B701}.Debug|Any CPU.Build.0 = Debug|Any CPU
		{578EBF75-5724-4E52-AD1C-1DF85ED5B701}.Release|Any CPU.ActiveCfg = Release|Any CPU
		{578EBF75-5724-4E52-AD1C-1DF85ED5B701}.Release|Any CPU.Build.0 = Release|Any CPU
		{B625949E-1AB0-4998-ABC1-DB809A9672FF}.Debug|Any CPU.ActiveCfg = Debug|Any CPU
		{B625949E-1AB0-4998-ABC1-DB809A9672FF}.Debug|Any CPU.Build.0 = Debug|Any CPU
		{B625949E-1AB0-4998-ABC1-DB809A9672FF}.Release|Any CPU.ActiveCfg = Release|Any CPU
		{B625949E-1AB0-4998-ABC1-DB809A9672FF}.Release|Any CPU.Build.0 = Release|Any CPU
		{A4F3BF9D-5504-4997-8F60-2D6BD21CFA25}.Debug|Any CPU.ActiveCfg = Debug|Any CPU
		{A4F3BF9D-5504-4997-8F60-2D6BD21CFA25}.Debug|Any CPU.Build.0 = Debug|Any CPU
		{A4F3BF9D-5504-4997-8F60-2D6BD21CFA25}.Release|Any CPU.ActiveCfg = Release|Any CPU
		{A4F3BF9D-5504-4997-8F60-2D6BD21CFA25}.Release|Any CPU.Build.0 = Release|Any CPU
		{B5BAB4D2-DE15-402E-867F-C1C574FC63DA}.Debug|Any CPU.ActiveCfg = Debug|Any CPU
		{B5BAB4D2-DE15-402E-867F-C1C574FC63DA}.Debug|Any CPU.Build.0 = Debug|Any CPU
		{B5BAB4D2-DE15-402E-867F-C1C574FC63DA}.Release|Any CPU.ActiveCfg = Release|Any CPU
		{B5BAB4D2-DE15-402E-867F-C1C574FC63DA}.Release|Any CPU.Build.0 = Release|Any CPU
		{27630D6A-864F-43A9-812F-D089D065A86A}.Debug|Any CPU.ActiveCfg = Debug|Any CPU
		{27630D6A-864F-43A9-812F-D089D065A86A}.Debug|Any CPU.Build.0 = Debug|Any CPU
		{27630D6A-864F-43A9-812F-D089D065A86A}.Release|Any CPU.ActiveCfg = Release|Any CPU
		{27630D6A-864F-43A9-812F-D089D065A86A}.Release|Any CPU.Build.0 = Release|Any CPU
		{24E63D5D-529C-4B37-9D5A-C3A9440961F5}.Debug|Any CPU.ActiveCfg = Debug|Any CPU
		{24E63D5D-529C-4B37-9D5A-C3A9440961F5}.Debug|Any CPU.Build.0 = Debug|Any CPU
		{24E63D5D-529C-4B37-9D5A-C3A9440961F5}.Release|Any CPU.ActiveCfg = Release|Any CPU
		{24E63D5D-529C-4B37-9D5A-C3A9440961F5}.Release|Any CPU.Build.0 = Release|Any CPU
		{060AADDF-A611-496D-9CB5-6C8A889F8F84}.Debug|Any CPU.ActiveCfg = Debug|Any CPU
		{060AADDF-A611-496D-9CB5-6C8A889F8F84}.Debug|Any CPU.Build.0 = Debug|Any CPU
		{060AADDF-A611-496D-9CB5-6C8A889F8F84}.Release|Any CPU.ActiveCfg = Release|Any CPU
		{060AADDF-A611-496D-9CB5-6C8A889F8F84}.Release|Any CPU.Build.0 = Release|Any CPU
		{28E5F399-FC11-44D0-9AD1-F60694FE7757}.Debug|Any CPU.ActiveCfg = Debug|Any CPU
		{28E5F399-FC11-44D0-9AD1-F60694FE7757}.Debug|Any CPU.Build.0 = Debug|Any CPU
		{28E5F399-FC11-44D0-9AD1-F60694FE7757}.Release|Any CPU.ActiveCfg = Release|Any CPU
		{28E5F399-FC11-44D0-9AD1-F60694FE7757}.Release|Any CPU.Build.0 = Release|Any CPU
		{71A11F42-150B-4742-8468-E7467ACB7542}.Debug|Any CPU.ActiveCfg = Debug|Any CPU
		{71A11F42-150B-4742-8468-E7467ACB7542}.Debug|Any CPU.Build.0 = Debug|Any CPU
		{71A11F42-150B-4742-8468-E7467ACB7542}.Release|Any CPU.ActiveCfg = Release|Any CPU
		{71A11F42-150B-4742-8468-E7467ACB7542}.Release|Any CPU.Build.0 = Release|Any CPU
		{050846F2-3150-49B1-BB45-9A64FACE595A}.Debug|Any CPU.ActiveCfg = Debug|Any CPU
		{050846F2-3150-49B1-BB45-9A64FACE595A}.Debug|Any CPU.Build.0 = Debug|Any CPU
		{050846F2-3150-49B1-BB45-9A64FACE595A}.Release|Any CPU.ActiveCfg = Release|Any CPU
		{050846F2-3150-49B1-BB45-9A64FACE595A}.Release|Any CPU.Build.0 = Release|Any CPU
		{E36FAEC7-0C62-41FF-AD62-3A203F303889}.Debug|Any CPU.ActiveCfg = Debug|Any CPU
		{E36FAEC7-0C62-41FF-AD62-3A203F303889}.Debug|Any CPU.Build.0 = Debug|Any CPU
		{E36FAEC7-0C62-41FF-AD62-3A203F303889}.Release|Any CPU.ActiveCfg = Release|Any CPU
		{E36FAEC7-0C62-41FF-AD62-3A203F303889}.Release|Any CPU.Build.0 = Release|Any CPU
		{7FFD5CC8-AC5F-4C81-99B2-5343427DAC59}.Debug|Any CPU.ActiveCfg = Debug|Any CPU
		{7FFD5CC8-AC5F-4C81-99B2-5343427DAC59}.Debug|Any CPU.Build.0 = Debug|Any CPU
		{7FFD5CC8-AC5F-4C81-99B2-5343427DAC59}.Release|Any CPU.ActiveCfg = Release|Any CPU
		{7FFD5CC8-AC5F-4C81-99B2-5343427DAC59}.Release|Any CPU.Build.0 = Release|Any CPU
		{17D9C718-C09C-4A6B-BBCF-77B051600DBC}.Debug|Any CPU.ActiveCfg = Debug|Any CPU
		{17D9C718-C09C-4A6B-BBCF-77B051600DBC}.Debug|Any CPU.Build.0 = Debug|Any CPU
		{17D9C718-C09C-4A6B-BBCF-77B051600DBC}.Release|Any CPU.ActiveCfg = Release|Any CPU
		{17D9C718-C09C-4A6B-BBCF-77B051600DBC}.Release|Any CPU.Build.0 = Release|Any CPU
		{EF1FD837-9B90-4C44-A049-5DD1343E39AD}.Debug|Any CPU.ActiveCfg = Debug|Any CPU
		{EF1FD837-9B90-4C44-A049-5DD1343E39AD}.Debug|Any CPU.Build.0 = Debug|Any CPU
		{EF1FD837-9B90-4C44-A049-5DD1343E39AD}.Release|Any CPU.ActiveCfg = Release|Any CPU
		{EF1FD837-9B90-4C44-A049-5DD1343E39AD}.Release|Any CPU.Build.0 = Release|Any CPU
		{2DCBA116-D128-4725-870E-BB268B2358E7}.Debug|Any CPU.ActiveCfg = Debug|Any CPU
		{2DCBA116-D128-4725-870E-BB268B2358E7}.Debug|Any CPU.Build.0 = Debug|Any CPU
		{2DCBA116-D128-4725-870E-BB268B2358E7}.Release|Any CPU.ActiveCfg = Release|Any CPU
		{2DCBA116-D128-4725-870E-BB268B2358E7}.Release|Any CPU.Build.0 = Release|Any CPU
	EndGlobalSection
	GlobalSection(SolutionProperties) = preSolution
		HideSolutionNode = FALSE
	EndGlobalSection
	GlobalSection(ExtensibilityGlobals) = postSolution
		SolutionGuid = {EB4C1A54-34B1-4741-BAC0-C591168DD5A7}
	EndGlobalSection
EndGlobal
